
Microsoft Visual Studio Solution File, Format Version 12.00
# Visual Studio Version 16
VisualStudioVersion = 16.0.32228.343
MinimumVisualStudioVersion = 10.0.40219.1
Project("{9A19103F-16F7-4668-BE54-9A1E7A4F7556}") = "_5kyu_TheHungerGames_ZooDisaster", "CSharp\_5kyu_TheHungerGames_ZooDisaster\_5kyu_TheHungerGames_ZooDisaster.csproj", "{FB8135F8-7150-4E8F-855D-45BAC6F239F9}"
EndProject
Project("{9A19103F-16F7-4668-BE54-9A1E7A4F7556}") = "_5kyu_BestTravel", "CSharp\_5kyu_BestTravel\_5kyu_BestTravel.csproj", "{823BF2D1-00A9-42F9-8165-48366AF18C6D}"
EndProject
Project("{FAE04EC0-301F-11D3-BF4B-00C04F79EFBC}") = "_6kyu_PairOfGloves", "CSharp\_6kyu_PairOfGloves\_6kyu_PairOfGloves.csproj", "{24976DC7-152F-444B-B026-722F7C4A6346}"
EndProject
Global
	GlobalSection(SolutionConfigurationPlatforms) = preSolution
		Debug|Any CPU = Debug|Any CPU
		Release|Any CPU = Release|Any CPU
	EndGlobalSection
	GlobalSection(ProjectConfigurationPlatforms) = postSolution
		{FB8135F8-7150-4E8F-855D-45BAC6F239F9}.Debug|Any CPU.ActiveCfg = Debug|Any CPU
		{FB8135F8-7150-4E8F-855D-45BAC6F239F9}.Debug|Any CPU.Build.0 = Debug|Any CPU
		{FB8135F8-7150-4E8F-855D-45BAC6F239F9}.Release|Any CPU.ActiveCfg = Release|Any CPU
		{FB8135F8-7150-4E8F-855D-45BAC6F239F9}.Release|Any CPU.Build.0 = Release|Any CPU
		{823BF2D1-00A9-42F9-8165-48366AF18C6D}.Debug|Any CPU.ActiveCfg = Debug|Any CPU
		{823BF2D1-00A9-42F9-8165-48366AF18C6D}.Debug|Any CPU.Build.0 = Debug|Any CPU
		{823BF2D1-00A9-42F9-8165-48366AF18C6D}.Release|Any CPU.ActiveCfg = Release|Any CPU
		{823BF2D1-00A9-42F9-8165-48366AF18C6D}.Release|Any CPU.Build.0 = Release|Any CPU
		{24976DC7-152F-444B-B026-722F7C4A6346}.Debug|Any CPU.ActiveCfg = Debug|Any CPU
		{24976DC7-152F-444B-B026-722F7C4A6346}.Debug|Any CPU.Build.0 = Debug|Any CPU
		{24976DC7-152F-444B-B026-722F7C4A6346}.Release|Any CPU.ActiveCfg = Release|Any CPU
		{24976DC7-152F-444B-B026-722F7C4A6346}.Release|Any CPU.Build.0 = Release|Any CPU
	EndGlobalSection
	GlobalSection(SolutionProperties) = preSolution
		HideSolutionNode = FALSE
	EndGlobalSection
	GlobalSection(ExtensibilityGlobals) = postSolution
		SolutionGuid = {10F8A384-6D0B-44CE-91D2-264D6E8927D8}
	EndGlobalSection
EndGlobal
