
Microsoft Visual Studio Solution File, Format Version 12.00
# Visual Studio Version 17
VisualStudioVersion = 17.2.32602.215
MinimumVisualStudioVersion = 10.0.40219.1
Project("{9A19103F-16F7-4668-BE54-9A1E7A4F7556}") = "_5kyu_TheHungerGames_ZooDisaster", "CSharp\_5kyu_TheHungerGames_ZooDisaster\_5kyu_TheHungerGames_ZooDisaster.csproj", "{FB8135F8-7150-4E8F-855D-45BAC6F239F9}"
EndProject
Project("{9A19103F-16F7-4668-BE54-9A1E7A4F7556}") = "_5kyu_BestTravel", "CSharp\_5kyu_BestTravel\_5kyu_BestTravel.csproj", "{823BF2D1-00A9-42F9-8165-48366AF18C6D}"
EndProject
Project("{9A19103F-16F7-4668-BE54-9A1E7A4F7556}") = "_6kyu_PairOfGloves", "CSharp\_6kyu_PairOfGloves\_6kyu_PairOfGloves.csproj", "{24976DC7-152F-444B-B026-722F7C4A6346}"
EndProject
Project("{888888A0-9F3D-457C-B088-3A5042F75D52}") = "_8kyu_ConvertANumberToAString", "Python\_8kyu_ConvertANumberToAString\_8kyu_ConvertANumberToAString.pyproj", "{B0DC2850-CDF4-4A71-9D81-B0514049B752}"
EndProject
Project("{2150E333-8FDC-42A3-9474-1A3956D46DE8}") = "CSharp", "CSharp", "{507285AC-A1F8-4F1A-9235-5364C133C2C0}"
EndProject
Project("{2150E333-8FDC-42A3-9474-1A3956D46DE8}") = "Python", "Python", "{A3BE451B-8BD3-4F4D-97AB-926A830FE710}"
EndProject
Project("{888888A0-9F3D-457C-B088-3A5042F75D52}") = "_7kyu_ReverseWords", "Python\_7kyu_ReverseWords\_7kyu_ReverseWords.pyproj", "{33E920C8-FA02-422A-9B94-13F9A6A73D41}"
EndProject
Project("{888888A0-9F3D-457C-B088-3A5042F75D52}") = "_6kyu_DetectPangram", "Python\_6kyu_DetectPangram\_6kyu_DetectPangram.pyproj", "{BF90D7D7-0333-42D1-9D5F-398A5A5005BC}"
EndProject
Project("{888888A0-9F3D-457C-B088-3A5042F75D52}") = "_6kyu_DuplicateEncoder", "Python\_6kyu_DuplicateEncoder\_6kyu_DuplicateEncoder.pyproj", "{8BACF01F-48B6-46B6-942D-F20F82ED2B2A}"
EndProject
Project("{888888A0-9F3D-457C-B088-3A5042F75D52}") = "_7kyu_BaristaProblem", "Python\_7kyu_BaristaProblem\_7kyu_BaristaProblem.pyproj", "{485794F6-B62F-4DD5-9648-2F48360C9D28}"
EndProject
Project("{888888A0-9F3D-457C-B088-3A5042F75D52}") = "_5kyu_BaristaManager", "Python\_5kyu_BaristaManager\_5kyu_BaristaManager.pyproj", "{7F04AE68-50E7-4180-9BF2-85AE70E99B87}"
EndProject
Global
	GlobalSection(SolutionConfigurationPlatforms) = preSolution
		Debug|Any CPU = Debug|Any CPU
		Release|Any CPU = Release|Any CPU
	EndGlobalSection
	GlobalSection(ProjectConfigurationPlatforms) = postSolution
		{FB8135F8-7150-4E8F-855D-45BAC6F239F9}.Debug|Any CPU.ActiveCfg = Debug|Any CPU
		{FB8135F8-7150-4E8F-855D-45BAC6F239F9}.Debug|Any CPU.Build.0 = Debug|Any CPU
		{FB8135F8-7150-4E8F-855D-45BAC6F239F9}.Release|Any CPU.ActiveCfg = Release|Any CPU
		{FB8135F8-7150-4E8F-855D-45BAC6F239F9}.Release|Any CPU.Build.0 = Release|Any CPU
		{823BF2D1-00A9-42F9-8165-48366AF18C6D}.Debug|Any CPU.ActiveCfg = Debug|Any CPU
		{823BF2D1-00A9-42F9-8165-48366AF18C6D}.Debug|Any CPU.Build.0 = Debug|Any CPU
		{823BF2D1-00A9-42F9-8165-48366AF18C6D}.Release|Any CPU.ActiveCfg = Release|Any CPU
		{823BF2D1-00A9-42F9-8165-48366AF18C6D}.Release|Any CPU.Build.0 = Release|Any CPU
		{24976DC7-152F-444B-B026-722F7C4A6346}.Debug|Any CPU.ActiveCfg = Debug|Any CPU
		{24976DC7-152F-444B-B026-722F7C4A6346}.Debug|Any CPU.Build.0 = Debug|Any CPU
		{24976DC7-152F-444B-B026-722F7C4A6346}.Release|Any CPU.ActiveCfg = Release|Any CPU
		{24976DC7-152F-444B-B026-722F7C4A6346}.Release|Any CPU.Build.0 = Release|Any CPU
		{B0DC2850-CDF4-4A71-9D81-B0514049B752}.Debug|Any CPU.ActiveCfg = Debug|Any CPU
		{B0DC2850-CDF4-4A71-9D81-B0514049B752}.Release|Any CPU.ActiveCfg = Release|Any CPU
		{33E920C8-FA02-422A-9B94-13F9A6A73D41}.Debug|Any CPU.ActiveCfg = Debug|Any CPU
		{33E920C8-FA02-422A-9B94-13F9A6A73D41}.Release|Any CPU.ActiveCfg = Release|Any CPU
		{BF90D7D7-0333-42D1-9D5F-398A5A5005BC}.Debug|Any CPU.ActiveCfg = Debug|Any CPU
		{BF90D7D7-0333-42D1-9D5F-398A5A5005BC}.Release|Any CPU.ActiveCfg = Release|Any CPU
		{8BACF01F-48B6-46B6-942D-F20F82ED2B2A}.Debug|Any CPU.ActiveCfg = Debug|Any CPU
		{8BACF01F-48B6-46B6-942D-F20F82ED2B2A}.Release|Any CPU.ActiveCfg = Release|Any CPU
		{485794F6-B62F-4DD5-9648-2F48360C9D28}.Debug|Any CPU.ActiveCfg = Debug|Any CPU
		{485794F6-B62F-4DD5-9648-2F48360C9D28}.Release|Any CPU.ActiveCfg = Release|Any CPU
		{7F04AE68-50E7-4180-9BF2-85AE70E99B87}.Debug|Any CPU.ActiveCfg = Debug|Any CPU
		{7F04AE68-50E7-4180-9BF2-85AE70E99B87}.Release|Any CPU.ActiveCfg = Release|Any CPU
	EndGlobalSection
	GlobalSection(SolutionProperties) = preSolution
		HideSolutionNode = FALSE
	EndGlobalSection
	GlobalSection(NestedProjects) = preSolution
		{FB8135F8-7150-4E8F-855D-45BAC6F239F9} = {507285AC-A1F8-4F1A-9235-5364C133C2C0}
		{823BF2D1-00A9-42F9-8165-48366AF18C6D} = {507285AC-A1F8-4F1A-9235-5364C133C2C0}
		{24976DC7-152F-444B-B026-722F7C4A6346} = {507285AC-A1F8-4F1A-9235-5364C133C2C0}
		{B0DC2850-CDF4-4A71-9D81-B0514049B752} = {A3BE451B-8BD3-4F4D-97AB-926A830FE710}
		{33E920C8-FA02-422A-9B94-13F9A6A73D41} = {A3BE451B-8BD3-4F4D-97AB-926A830FE710}
		{BF90D7D7-0333-42D1-9D5F-398A5A5005BC} = {A3BE451B-8BD3-4F4D-97AB-926A830FE710}
		{8BACF01F-48B6-46B6-942D-F20F82ED2B2A} = {A3BE451B-8BD3-4F4D-97AB-926A830FE710}
		{485794F6-B62F-4DD5-9648-2F48360C9D28} = {A3BE451B-8BD3-4F4D-97AB-926A830FE710}
		{7F04AE68-50E7-4180-9BF2-85AE70E99B87} = {A3BE451B-8BD3-4F4D-97AB-926A830FE710}
	EndGlobalSection
	GlobalSection(ExtensibilityGlobals) = postSolution
		SolutionGuid = {10F8A384-6D0B-44CE-91D2-264D6E8927D8}
	EndGlobalSection
EndGlobal
