
Microsoft Visual Studio Solution File, Format Version 12.00
# Visual Studio Version 17
VisualStudioVersion = 17.2.32602.215
MinimumVisualStudioVersion = 10.0.40219.1
Project("{FAE04EC0-301F-11D3-BF4B-00C04F79EFBC}") = "_5kyu_BestTravel", "CSharp\_5kyu_BestTravel\_5kyu_BestTravel.csproj", "{583CF135-3DA6-4C4C-8EFF-011CC5483DB1}"
EndProject
Global
	GlobalSection(SolutionConfigurationPlatforms) = preSolution
		Debug|Any CPU = Debug|Any CPU
		Release|Any CPU = Release|Any CPU
	EndGlobalSection
	GlobalSection(ProjectConfigurationPlatforms) = postSolution
		{583CF135-3DA6-4C4C-8EFF-011CC5483DB1}.Debug|Any CPU.ActiveCfg = Debug|Any CPU
		{583CF135-3DA6-4C4C-8EFF-011CC5483DB1}.Debug|Any CPU.Build.0 = Debug|Any CPU
		{583CF135-3DA6-4C4C-8EFF-011CC5483DB1}.Release|Any CPU.ActiveCfg = Release|Any CPU
		{583CF135-3DA6-4C4C-8EFF-011CC5483DB1}.Release|Any CPU.Build.0 = Release|Any CPU
	EndGlobalSection
	GlobalSection(SolutionProperties) = preSolution
		HideSolutionNode = FALSE
	EndGlobalSection
	GlobalSection(ExtensibilityGlobals) = postSolution
		SolutionGuid = {10F8A384-6D0B-44CE-91D2-264D6E8927D8}
	EndGlobalSection
EndGlobal
